
Microsoft Visual Studio Solution File, Format Version 12.00
# Visual Studio Version 16
VisualStudioVersion = 16.0.28803.352
MinimumVisualStudioVersion = 10.0.40219.1
Project("{FAE04EC0-301F-11D3-BF4B-00C04F79EFBC}") = "Happy Reader", "Happy Reader\Happy Reader.csproj", "{662ACC6B-35BE-4F7A-B876-0E1764DCAED6}"
	ProjectSection(ProjectDependencies) = postProject
		{46B6F714-D2A3-48AA-A89E-694BC18FC39E} = {46B6F714-D2A3-48AA-A89E-694BC18FC39E}
	EndProjectSection
EndProject
Project("{FAE04EC0-301F-11D3-BF4B-00C04F79EFBC}") = "HRGoogleTranslate", "HRGoogleTranslate\HRGoogleTranslate.csproj", "{E78DE42E-834A-4BAA-8E7F-C876D2BE8A01}"
EndProject
Project("{2150E333-8FDC-42A3-9474-1A3956D46DE8}") = "Solution Items", "Solution Items", "{B62534BD-0FB1-4832-A7C7-A5543B16582F}"
	ProjectSection(SolutionItems) = preProject
		.editorconfig = .editorconfig
		Goals.txt = Goals.txt
		KakasiDocumentation.pdf = KakasiDocumentation.pdf
		LicenseATF.txt = LicenseATF.txt
	EndProjectSection
EndProject
Project("{FAE04EC0-301F-11D3-BF4B-00C04F79EFBC}") = "Happy_Apps_Core", "HappySearchObjectClasses\Happy_Apps_Core.csproj", "{C5E4C647-35BA-4525-B78A-F2263A628A5A}"
EndProject
Project("{FAE04EC0-301F-11D3-BF4B-00C04F79EFBC}") = "Happy Reader Tests", "Happy Reader Tests\Happy Reader Tests.csproj", "{7A6BCB6F-0F0E-4B6B-BDEF-29760583601A}"
	ProjectSection(ProjectDependencies) = postProject
		{662ACC6B-35BE-4F7A-B876-0E1764DCAED6} = {662ACC6B-35BE-4F7A-B876-0E1764DCAED6}
	EndProjectSection
EndProject
Project("{FAE04EC0-301F-11D3-BF4B-00C04F79EFBC}") = "KakasiNET", "Kakasi.NET.Interop\KakasiNET.csproj", "{67F3DAA6-417D-4F5D-81C4-A191B04F917B}"
EndProject
Project("{FAE04EC0-301F-11D3-BF4B-00C04F79EFBC}") = "Happy Apps Core Tests", "Happy Apps Core Tests\Happy Apps Core Tests.csproj", "{F772231E-00D4-4AD4-B807-27FF78CDE7D6}"
EndProject
Project("{FAE04EC0-301F-11D3-BF4B-00C04F79EFBC}") = "IthVnrSharpLib", "IthVnrSharpLib\IthVnrSharpLib\IthVnrSharpLib.csproj", "{46B6F714-D2A3-48AA-A89E-694BC18FC39E}"
	ProjectSection(ProjectDependencies) = postProject
		{1A75AC49-036C-30FF-BDA5-6EB3CD9858B4} = {1A75AC49-036C-30FF-BDA5-6EB3CD9858B4}
		{AB7E908D-1B4F-3805-A428-BCA9BE15B420} = {AB7E908D-1B4F-3805-A428-BCA9BE15B420}
	EndProjectSection
EndProject
Project("{8BC9CEB8-8B4A-11D0-8D11-00A0C91BC942}") = "vnrhook", "IthVnrSharpLib\vnr\vnrhook\vnrhook.vcxproj", "{AB7E908D-1B4F-3805-A428-BCA9BE15B420}"
	ProjectSection(ProjectDependencies) = postProject
		{E1BB3EAD-602D-360C-86A6-75425F77AC91} = {E1BB3EAD-602D-360C-86A6-75425F77AC91}
		{D9BBDDBC-8D52-315F-9100-67227D979DB1} = {D9BBDDBC-8D52-315F-9100-67227D979DB1}
	EndProjectSection
EndProject
Project("{8BC9CEB8-8B4A-11D0-8D11-00A0C91BC942}") = "vnrhost", "IthVnrSharpLib\vnr\vnrhost\vnrhost.vcxproj", "{1A75AC49-036C-30FF-BDA5-6EB3CD9858B4}"
	ProjectSection(ProjectDependencies) = postProject
		{E1BB3EAD-602D-360C-86A6-75425F77AC91} = {E1BB3EAD-602D-360C-86A6-75425F77AC91}
		{D9BBDDBC-8D52-315F-9100-67227D979DB1} = {D9BBDDBC-8D52-315F-9100-67227D979DB1}
	EndProjectSection
EndProject
Project("{8BC9CEB8-8B4A-11D0-8D11-00A0C91BC942}") = "ithsys", "IthVnrSharpLib\vnr\ithsys\ithsys.vcxproj", "{E1BB3EAD-602D-360C-86A6-75425F77AC91}"
EndProject
Project("{8BC9CEB8-8B4A-11D0-8D11-00A0C91BC942}") = "profile", "IthVnrSharpLib\vnr\profile\profile.vcxproj", "{D9BBDDBC-8D52-315F-9100-67227D979DB1}"
EndProject
Project("{FAE04EC0-301F-11D3-BF4B-00C04F79EFBC}") = "DatabaseDumpReader", "DatabaseDumpReader\DatabaseDumpReader.csproj", "{98E6A96B-5454-4E21-BBC1-14007D90ADE3}"
EndProject
Project("{8BC9CEB8-8B4A-11D0-8D11-00A0C91BC942}") = "vnragent", "IthVnrSharpLib\embed\vnragent\vnragent.vcxproj", "{70EF9A04-3B1D-3D1B-89C4-ED9458B6BDDF}"
EndProject
Project("{FAE04EC0-301F-11D3-BF4B-00C04F79EFBC}") = "HRDeepLTranslate", "HRDeepLTranslate\HRDeepLTranslate.csproj", "{ADA8AB4D-41F1-496C-B7EB-6B7B7A0C487F}"
EndProject
Global
	GlobalSection(SolutionConfigurationPlatforms) = preSolution
		Debug|64HR86ELSE = Debug|64HR86ELSE
		Debug|Any CPU = Debug|Any CPU
		Debug|x64 = Debug|x64
		Debug|x86 = Debug|x86
		Release|64HR86ELSE = Release|64HR86ELSE
		Release|Any CPU = Release|Any CPU
		Release|x64 = Release|x64
		Release|x86 = Release|x86
	EndGlobalSection
	GlobalSection(ProjectConfigurationPlatforms) = postSolution
		{662ACC6B-35BE-4F7A-B876-0E1764DCAED6}.Debug|64HR86ELSE.ActiveCfg = Debug|x64
		{662ACC6B-35BE-4F7A-B876-0E1764DCAED6}.Debug|64HR86ELSE.Build.0 = Debug|x64
		{662ACC6B-35BE-4F7A-B876-0E1764DCAED6}.Debug|Any CPU.ActiveCfg = Debug|x64
		{662ACC6B-35BE-4F7A-B876-0E1764DCAED6}.Debug|Any CPU.Build.0 = Debug|x64
		{662ACC6B-35BE-4F7A-B876-0E1764DCAED6}.Debug|x64.ActiveCfg = Debug|x64
		{662ACC6B-35BE-4F7A-B876-0E1764DCAED6}.Debug|x64.Build.0 = Debug|x64
		{662ACC6B-35BE-4F7A-B876-0E1764DCAED6}.Debug|x86.ActiveCfg = Debug|x86
		{662ACC6B-35BE-4F7A-B876-0E1764DCAED6}.Debug|x86.Build.0 = Debug|x86
		{662ACC6B-35BE-4F7A-B876-0E1764DCAED6}.Release|64HR86ELSE.ActiveCfg = Release|x86
		{662ACC6B-35BE-4F7A-B876-0E1764DCAED6}.Release|64HR86ELSE.Build.0 = Release|x86
		{662ACC6B-35BE-4F7A-B876-0E1764DCAED6}.Release|Any CPU.ActiveCfg = Release|x86
		{662ACC6B-35BE-4F7A-B876-0E1764DCAED6}.Release|x64.ActiveCfg = Release|x64
		{662ACC6B-35BE-4F7A-B876-0E1764DCAED6}.Release|x64.Build.0 = Release|x64
		{662ACC6B-35BE-4F7A-B876-0E1764DCAED6}.Release|x86.ActiveCfg = Release|x86
		{662ACC6B-35BE-4F7A-B876-0E1764DCAED6}.Release|x86.Build.0 = Release|x86
		{E78DE42E-834A-4BAA-8E7F-C876D2BE8A01}.Debug|64HR86ELSE.ActiveCfg = Debug|x64
		{E78DE42E-834A-4BAA-8E7F-C876D2BE8A01}.Debug|64HR86ELSE.Build.0 = Debug|x64
		{E78DE42E-834A-4BAA-8E7F-C876D2BE8A01}.Debug|Any CPU.ActiveCfg = Debug|Any CPU
		{E78DE42E-834A-4BAA-8E7F-C876D2BE8A01}.Debug|Any CPU.Build.0 = Debug|Any CPU
		{E78DE42E-834A-4BAA-8E7F-C876D2BE8A01}.Debug|x64.ActiveCfg = Debug|x64
		{E78DE42E-834A-4BAA-8E7F-C876D2BE8A01}.Debug|x64.Build.0 = Debug|x64
		{E78DE42E-834A-4BAA-8E7F-C876D2BE8A01}.Debug|x86.ActiveCfg = Debug|x86
		{E78DE42E-834A-4BAA-8E7F-C876D2BE8A01}.Debug|x86.Build.0 = Debug|x86
		{E78DE42E-834A-4BAA-8E7F-C876D2BE8A01}.Release|64HR86ELSE.ActiveCfg = Release|x86
		{E78DE42E-834A-4BAA-8E7F-C876D2BE8A01}.Release|64HR86ELSE.Build.0 = Release|x86
		{E78DE42E-834A-4BAA-8E7F-C876D2BE8A01}.Release|Any CPU.ActiveCfg = Release|Any CPU
		{E78DE42E-834A-4BAA-8E7F-C876D2BE8A01}.Release|Any CPU.Build.0 = Release|Any CPU
		{E78DE42E-834A-4BAA-8E7F-C876D2BE8A01}.Release|x64.ActiveCfg = Release|x64
		{E78DE42E-834A-4BAA-8E7F-C876D2BE8A01}.Release|x64.Build.0 = Release|x64
		{E78DE42E-834A-4BAA-8E7F-C876D2BE8A01}.Release|x86.ActiveCfg = Release|x86
		{E78DE42E-834A-4BAA-8E7F-C876D2BE8A01}.Release|x86.Build.0 = Release|x86
		{C5E4C647-35BA-4525-B78A-F2263A628A5A}.Debug|64HR86ELSE.ActiveCfg = Debug|x64
		{C5E4C647-35BA-4525-B78A-F2263A628A5A}.Debug|64HR86ELSE.Build.0 = Debug|x64
		{C5E4C647-35BA-4525-B78A-F2263A628A5A}.Debug|Any CPU.ActiveCfg = Debug|Any CPU
		{C5E4C647-35BA-4525-B78A-F2263A628A5A}.Debug|Any CPU.Build.0 = Debug|Any CPU
		{C5E4C647-35BA-4525-B78A-F2263A628A5A}.Debug|x64.ActiveCfg = Debug|x64
		{C5E4C647-35BA-4525-B78A-F2263A628A5A}.Debug|x64.Build.0 = Debug|x64
		{C5E4C647-35BA-4525-B78A-F2263A628A5A}.Debug|x86.ActiveCfg = Debug|x86
		{C5E4C647-35BA-4525-B78A-F2263A628A5A}.Debug|x86.Build.0 = Debug|x86
		{C5E4C647-35BA-4525-B78A-F2263A628A5A}.Release|64HR86ELSE.ActiveCfg = Release|x86
		{C5E4C647-35BA-4525-B78A-F2263A628A5A}.Release|64HR86ELSE.Build.0 = Release|x86
		{C5E4C647-35BA-4525-B78A-F2263A628A5A}.Release|Any CPU.ActiveCfg = Release|Any CPU
		{C5E4C647-35BA-4525-B78A-F2263A628A5A}.Release|Any CPU.Build.0 = Release|Any CPU
		{C5E4C647-35BA-4525-B78A-F2263A628A5A}.Release|x64.ActiveCfg = Release|x64
		{C5E4C647-35BA-4525-B78A-F2263A628A5A}.Release|x64.Build.0 = Release|x64
		{C5E4C647-35BA-4525-B78A-F2263A628A5A}.Release|x86.ActiveCfg = Release|x86
		{C5E4C647-35BA-4525-B78A-F2263A628A5A}.Release|x86.Build.0 = Release|x86
		{7A6BCB6F-0F0E-4B6B-BDEF-29760583601A}.Debug|64HR86ELSE.ActiveCfg = Debug|x86
		{7A6BCB6F-0F0E-4B6B-BDEF-29760583601A}.Debug|Any CPU.ActiveCfg = Debug|Any CPU
		{7A6BCB6F-0F0E-4B6B-BDEF-29760583601A}.Debug|Any CPU.Build.0 = Debug|Any CPU
		{7A6BCB6F-0F0E-4B6B-BDEF-29760583601A}.Debug|x64.ActiveCfg = Debug|x64
		{7A6BCB6F-0F0E-4B6B-BDEF-29760583601A}.Debug|x64.Build.0 = Debug|x64
		{7A6BCB6F-0F0E-4B6B-BDEF-29760583601A}.Debug|x86.ActiveCfg = Debug|x86
		{7A6BCB6F-0F0E-4B6B-BDEF-29760583601A}.Release|64HR86ELSE.ActiveCfg = Release|x86
		{7A6BCB6F-0F0E-4B6B-BDEF-29760583601A}.Release|Any CPU.ActiveCfg = Release|Any CPU
		{7A6BCB6F-0F0E-4B6B-BDEF-29760583601A}.Release|Any CPU.Build.0 = Release|Any CPU
		{7A6BCB6F-0F0E-4B6B-BDEF-29760583601A}.Release|x64.ActiveCfg = Release|x64
		{7A6BCB6F-0F0E-4B6B-BDEF-29760583601A}.Release|x64.Build.0 = Release|x64
		{7A6BCB6F-0F0E-4B6B-BDEF-29760583601A}.Release|x86.ActiveCfg = Release|x86
		{67F3DAA6-417D-4F5D-81C4-A191B04F917B}.Debug|64HR86ELSE.ActiveCfg = Debug|x64
		{67F3DAA6-417D-4F5D-81C4-A191B04F917B}.Debug|64HR86ELSE.Build.0 = Debug|x64
		{67F3DAA6-417D-4F5D-81C4-A191B04F917B}.Debug|Any CPU.ActiveCfg = Debug|Any CPU
		{67F3DAA6-417D-4F5D-81C4-A191B04F917B}.Debug|Any CPU.Build.0 = Debug|Any CPU
		{67F3DAA6-417D-4F5D-81C4-A191B04F917B}.Debug|x64.ActiveCfg = Debug|x64
		{67F3DAA6-417D-4F5D-81C4-A191B04F917B}.Debug|x86.ActiveCfg = Debug|x86
		{67F3DAA6-417D-4F5D-81C4-A191B04F917B}.Debug|x86.Build.0 = Debug|x86
		{67F3DAA6-417D-4F5D-81C4-A191B04F917B}.Release|64HR86ELSE.ActiveCfg = Release|x86
		{67F3DAA6-417D-4F5D-81C4-A191B04F917B}.Release|64HR86ELSE.Build.0 = Release|x86
		{67F3DAA6-417D-4F5D-81C4-A191B04F917B}.Release|Any CPU.ActiveCfg = Release|Any CPU
		{67F3DAA6-417D-4F5D-81C4-A191B04F917B}.Release|Any CPU.Build.0 = Release|Any CPU
		{67F3DAA6-417D-4F5D-81C4-A191B04F917B}.Release|x64.ActiveCfg = Release|Any CPU
		{67F3DAA6-417D-4F5D-81C4-A191B04F917B}.Release|x86.ActiveCfg = Release|x86
		{67F3DAA6-417D-4F5D-81C4-A191B04F917B}.Release|x86.Build.0 = Release|x86
		{F772231E-00D4-4AD4-B807-27FF78CDE7D6}.Debug|64HR86ELSE.ActiveCfg = Debug|x86
		{F772231E-00D4-4AD4-B807-27FF78CDE7D6}.Debug|64HR86ELSE.Build.0 = Debug|x86
		{F772231E-00D4-4AD4-B807-27FF78CDE7D6}.Debug|Any CPU.ActiveCfg = Debug|Any CPU
		{F772231E-00D4-4AD4-B807-27FF78CDE7D6}.Debug|Any CPU.Build.0 = Debug|Any CPU
		{F772231E-00D4-4AD4-B807-27FF78CDE7D6}.Debug|x64.ActiveCfg = Debug|x64
		{F772231E-00D4-4AD4-B807-27FF78CDE7D6}.Debug|x64.Build.0 = Debug|x64
		{F772231E-00D4-4AD4-B807-27FF78CDE7D6}.Debug|x86.ActiveCfg = Debug|x86
		{F772231E-00D4-4AD4-B807-27FF78CDE7D6}.Debug|x86.Build.0 = Debug|x86
		{F772231E-00D4-4AD4-B807-27FF78CDE7D6}.Release|64HR86ELSE.ActiveCfg = Release|x86
		{F772231E-00D4-4AD4-B807-27FF78CDE7D6}.Release|Any CPU.ActiveCfg = Release|Any CPU
		{F772231E-00D4-4AD4-B807-27FF78CDE7D6}.Release|Any CPU.Build.0 = Release|Any CPU
		{F772231E-00D4-4AD4-B807-27FF78CDE7D6}.Release|x64.ActiveCfg = Release|x64
		{F772231E-00D4-4AD4-B807-27FF78CDE7D6}.Release|x64.Build.0 = Release|x64
		{F772231E-00D4-4AD4-B807-27FF78CDE7D6}.Release|x86.ActiveCfg = Release|x86
		{46B6F714-D2A3-48AA-A89E-694BC18FC39E}.Debug|64HR86ELSE.ActiveCfg = Debug|x64
		{46B6F714-D2A3-48AA-A89E-694BC18FC39E}.Debug|64HR86ELSE.Build.0 = Debug|x64
		{46B6F714-D2A3-48AA-A89E-694BC18FC39E}.Debug|Any CPU.ActiveCfg = Debug|x86
		{46B6F714-D2A3-48AA-A89E-694BC18FC39E}.Debug|x64.ActiveCfg = Debug|x64
		{46B6F714-D2A3-48AA-A89E-694BC18FC39E}.Debug|x64.Build.0 = Debug|x64
		{46B6F714-D2A3-48AA-A89E-694BC18FC39E}.Debug|x86.ActiveCfg = Debug|x86
		{46B6F714-D2A3-48AA-A89E-694BC18FC39E}.Debug|x86.Build.0 = Debug|x86
		{46B6F714-D2A3-48AA-A89E-694BC18FC39E}.Release|64HR86ELSE.ActiveCfg = Release|x86
		{46B6F714-D2A3-48AA-A89E-694BC18FC39E}.Release|64HR86ELSE.Build.0 = Release|x86
		{46B6F714-D2A3-48AA-A89E-694BC18FC39E}.Release|Any CPU.ActiveCfg = Release|x86
		{46B6F714-D2A3-48AA-A89E-694BC18FC39E}.Release|x64.ActiveCfg = Release|x86
		{46B6F714-D2A3-48AA-A89E-694BC18FC39E}.Release|x86.ActiveCfg = Release|x86
		{46B6F714-D2A3-48AA-A89E-694BC18FC39E}.Release|x86.Build.0 = Release|x86
		{AB7E908D-1B4F-3805-A428-BCA9BE15B420}.Debug|64HR86ELSE.ActiveCfg = Debug|Win32
		{AB7E908D-1B4F-3805-A428-BCA9BE15B420}.Debug|Any CPU.ActiveCfg = Debug|Win32
		{AB7E908D-1B4F-3805-A428-BCA9BE15B420}.Debug|x64.ActiveCfg = Debug|Win32
		{AB7E908D-1B4F-3805-A428-BCA9BE15B420}.Debug|x86.ActiveCfg = Debug|Win32
		{AB7E908D-1B4F-3805-A428-BCA9BE15B420}.Debug|x86.Build.0 = Debug|Win32
		{AB7E908D-1B4F-3805-A428-BCA9BE15B420}.Release|64HR86ELSE.ActiveCfg = Release|Win32
		{AB7E908D-1B4F-3805-A428-BCA9BE15B420}.Release|64HR86ELSE.Build.0 = Release|Win32
		{AB7E908D-1B4F-3805-A428-BCA9BE15B420}.Release|Any CPU.ActiveCfg = Release|Win32
		{AB7E908D-1B4F-3805-A428-BCA9BE15B420}.Release|x64.ActiveCfg = Release|Win32
		{AB7E908D-1B4F-3805-A428-BCA9BE15B420}.Release|x86.ActiveCfg = Release|Win32
		{AB7E908D-1B4F-3805-A428-BCA9BE15B420}.Release|x86.Build.0 = Release|Win32
		{1A75AC49-036C-30FF-BDA5-6EB3CD9858B4}.Debug|64HR86ELSE.ActiveCfg = Debug|Win32
		{1A75AC49-036C-30FF-BDA5-6EB3CD9858B4}.Debug|Any CPU.ActiveCfg = Debug|Win32
		{1A75AC49-036C-30FF-BDA5-6EB3CD9858B4}.Debug|x64.ActiveCfg = Debug|Win32
		{1A75AC49-036C-30FF-BDA5-6EB3CD9858B4}.Debug|x86.ActiveCfg = Debug|Win32
		{1A75AC49-036C-30FF-BDA5-6EB3CD9858B4}.Debug|x86.Build.0 = Debug|Win32
		{1A75AC49-036C-30FF-BDA5-6EB3CD9858B4}.Release|64HR86ELSE.ActiveCfg = Release|Win32
		{1A75AC49-036C-30FF-BDA5-6EB3CD9858B4}.Release|64HR86ELSE.Build.0 = Release|Win32
		{1A75AC49-036C-30FF-BDA5-6EB3CD9858B4}.Release|Any CPU.ActiveCfg = Release|Win32
		{1A75AC49-036C-30FF-BDA5-6EB3CD9858B4}.Release|x64.ActiveCfg = Release|Win32
		{1A75AC49-036C-30FF-BDA5-6EB3CD9858B4}.Release|x86.ActiveCfg = Release|Win32
		{1A75AC49-036C-30FF-BDA5-6EB3CD9858B4}.Release|x86.Build.0 = Release|Win32
		{E1BB3EAD-602D-360C-86A6-75425F77AC91}.Debug|64HR86ELSE.ActiveCfg = Debug|Win32
		{E1BB3EAD-602D-360C-86A6-75425F77AC91}.Debug|Any CPU.ActiveCfg = Debug|Win32
		{E1BB3EAD-602D-360C-86A6-75425F77AC91}.Debug|x64.ActiveCfg = Debug|Win32
		{E1BB3EAD-602D-360C-86A6-75425F77AC91}.Debug|x86.ActiveCfg = Debug|Win32
		{E1BB3EAD-602D-360C-86A6-75425F77AC91}.Debug|x86.Build.0 = Debug|Win32
		{E1BB3EAD-602D-360C-86A6-75425F77AC91}.Release|64HR86ELSE.ActiveCfg = Release|Win32
		{E1BB3EAD-602D-360C-86A6-75425F77AC91}.Release|64HR86ELSE.Build.0 = Release|Win32
		{E1BB3EAD-602D-360C-86A6-75425F77AC91}.Release|Any CPU.ActiveCfg = Release|Win32
		{E1BB3EAD-602D-360C-86A6-75425F77AC91}.Release|x64.ActiveCfg = Release|Win32
		{E1BB3EAD-602D-360C-86A6-75425F77AC91}.Release|x86.ActiveCfg = Release|Win32
		{E1BB3EAD-602D-360C-86A6-75425F77AC91}.Release|x86.Build.0 = Release|Win32
		{D9BBDDBC-8D52-315F-9100-67227D979DB1}.Debug|64HR86ELSE.ActiveCfg = Debug|Win32
		{D9BBDDBC-8D52-315F-9100-67227D979DB1}.Debug|Any CPU.ActiveCfg = Debug|Win32
		{D9BBDDBC-8D52-315F-9100-67227D979DB1}.Debug|x64.ActiveCfg = Debug|Win32
		{D9BBDDBC-8D52-315F-9100-67227D979DB1}.Debug|x86.ActiveCfg = Debug|Win32
		{D9BBDDBC-8D52-315F-9100-67227D979DB1}.Debug|x86.Build.0 = Debug|Win32
		{D9BBDDBC-8D52-315F-9100-67227D979DB1}.Release|64HR86ELSE.ActiveCfg = Release|Win32
		{D9BBDDBC-8D52-315F-9100-67227D979DB1}.Release|64HR86ELSE.Build.0 = Release|Win32
		{D9BBDDBC-8D52-315F-9100-67227D979DB1}.Release|Any CPU.ActiveCfg = Release|Win32
		{D9BBDDBC-8D52-315F-9100-67227D979DB1}.Release|x64.ActiveCfg = Release|Win32
		{D9BBDDBC-8D52-315F-9100-67227D979DB1}.Release|x86.ActiveCfg = Release|Win32
		{D9BBDDBC-8D52-315F-9100-67227D979DB1}.Release|x86.Build.0 = Release|Win32
		{98E6A96B-5454-4E21-BBC1-14007D90ADE3}.Debug|64HR86ELSE.ActiveCfg = Debug|x86
		{98E6A96B-5454-4E21-BBC1-14007D90ADE3}.Debug|64HR86ELSE.Build.0 = Debug|x86
		{98E6A96B-5454-4E21-BBC1-14007D90ADE3}.Debug|Any CPU.ActiveCfg = Debug|Any CPU
		{98E6A96B-5454-4E21-BBC1-14007D90ADE3}.Debug|Any CPU.Build.0 = Debug|Any CPU
		{98E6A96B-5454-4E21-BBC1-14007D90ADE3}.Debug|x64.ActiveCfg = Debug|x64
		{98E6A96B-5454-4E21-BBC1-14007D90ADE3}.Debug|x64.Build.0 = Debug|x64
		{98E6A96B-5454-4E21-BBC1-14007D90ADE3}.Debug|x86.ActiveCfg = Debug|x86
		{98E6A96B-5454-4E21-BBC1-14007D90ADE3}.Debug|x86.Build.0 = Debug|x86
		{98E6A96B-5454-4E21-BBC1-14007D90ADE3}.Release|64HR86ELSE.ActiveCfg = Release|x86
		{98E6A96B-5454-4E21-BBC1-14007D90ADE3}.Release|64HR86ELSE.Build.0 = Release|x86
		{98E6A96B-5454-4E21-BBC1-14007D90ADE3}.Release|Any CPU.ActiveCfg = Release|Any CPU
		{98E6A96B-5454-4E21-BBC1-14007D90ADE3}.Release|Any CPU.Build.0 = Release|Any CPU
		{98E6A96B-5454-4E21-BBC1-14007D90ADE3}.Release|x64.ActiveCfg = Release|x64
		{98E6A96B-5454-4E21-BBC1-14007D90ADE3}.Release|x64.Build.0 = Release|x64
		{98E6A96B-5454-4E21-BBC1-14007D90ADE3}.Release|x86.ActiveCfg = Release|x86
		{98E6A96B-5454-4E21-BBC1-14007D90ADE3}.Release|x86.Build.0 = Release|x86
		{70EF9A04-3B1D-3D1B-89C4-ED9458B6BDDF}.Debug|64HR86ELSE.ActiveCfg = Debug|Win32
		{70EF9A04-3B1D-3D1B-89C4-ED9458B6BDDF}.Debug|64HR86ELSE.Build.0 = Debug|Win32
		{70EF9A04-3B1D-3D1B-89C4-ED9458B6BDDF}.Debug|Any CPU.ActiveCfg = Debug|Win32
		{70EF9A04-3B1D-3D1B-89C4-ED9458B6BDDF}.Debug|x64.ActiveCfg = Debug|Win32
		{70EF9A04-3B1D-3D1B-89C4-ED9458B6BDDF}.Debug|x86.ActiveCfg = Debug|Win32
		{70EF9A04-3B1D-3D1B-89C4-ED9458B6BDDF}.Debug|x86.Build.0 = Debug|Win32
		{70EF9A04-3B1D-3D1B-89C4-ED9458B6BDDF}.Release|64HR86ELSE.ActiveCfg = Release|Win32
		{70EF9A04-3B1D-3D1B-89C4-ED9458B6BDDF}.Release|64HR86ELSE.Build.0 = Release|Win32
		{70EF9A04-3B1D-3D1B-89C4-ED9458B6BDDF}.Release|Any CPU.ActiveCfg = Release|Win32
		{70EF9A04-3B1D-3D1B-89C4-ED9458B6BDDF}.Release|x64.ActiveCfg = Release|Win32
		{70EF9A04-3B1D-3D1B-89C4-ED9458B6BDDF}.Release|x86.ActiveCfg = Release|Win32
		{70EF9A04-3B1D-3D1B-89C4-ED9458B6BDDF}.Release|x86.Build.0 = Release|Win32
		{ADA8AB4D-41F1-496C-B7EB-6B7B7A0C487F}.Debug|64HR86ELSE.ActiveCfg = Debug|Any CPU
		{ADA8AB4D-41F1-496C-B7EB-6B7B7A0C487F}.Debug|64HR86ELSE.Build.0 = Debug|Any CPU
		{ADA8AB4D-41F1-496C-B7EB-6B7B7A0C487F}.Debug|Any CPU.ActiveCfg = Debug|Any CPU
		{ADA8AB4D-41F1-496C-B7EB-6B7B7A0C487F}.Debug|Any CPU.Build.0 = Debug|Any CPU
		{ADA8AB4D-41F1-496C-B7EB-6B7B7A0C487F}.Debug|x64.ActiveCfg = Debug|x64
		{ADA8AB4D-41F1-496C-B7EB-6B7B7A0C487F}.Debug|x64.Build.0 = Debug|x64
		{ADA8AB4D-41F1-496C-B7EB-6B7B7A0C487F}.Debug|x86.ActiveCfg = Debug|x86
		{ADA8AB4D-41F1-496C-B7EB-6B7B7A0C487F}.Debug|x86.Build.0 = Debug|x86
		{ADA8AB4D-41F1-496C-B7EB-6B7B7A0C487F}.Release|64HR86ELSE.ActiveCfg = Release|Any CPU
		{ADA8AB4D-41F1-496C-B7EB-6B7B7A0C487F}.Release|64HR86ELSE.Build.0 = Release|Any CPU
		{ADA8AB4D-41F1-496C-B7EB-6B7B7A0C487F}.Release|Any CPU.ActiveCfg = Release|Any CPU
		{ADA8AB4D-41F1-496C-B7EB-6B7B7A0C487F}.Release|Any CPU.Build.0 = Release|Any CPU
		{ADA8AB4D-41F1-496C-B7EB-6B7B7A0C487F}.Release|x64.ActiveCfg = Release|Any CPU
		{ADA8AB4D-41F1-496C-B7EB-6B7B7A0C487F}.Release|x64.Build.0 = Release|Any CPU
		{ADA8AB4D-41F1-496C-B7EB-6B7B7A0C487F}.Release|x86.ActiveCfg = Release|Any CPU
		{ADA8AB4D-41F1-496C-B7EB-6B7B7A0C487F}.Release|x86.Build.0 = Release|Any CPU
	EndGlobalSection
	GlobalSection(SolutionProperties) = preSolution
		HideSolutionNode = FALSE
	EndGlobalSection
	GlobalSection(ExtensibilityGlobals) = postSolution
		SolutionGuid = {2C3F6D43-6AFB-44A6-91C8-7E90A5625DE8}
		Qt5Version = 5.15.0_msvc2019
	EndGlobalSection
EndGlobal
